
Microsoft Visual Studio Solution File, Format Version 12.00
# Visual Studio Version 17
VisualStudioVersion = 17.9.34723.18
MinimumVisualStudioVersion = 10.0.40219.1
Project("{8BC9CEB8-8B4A-11D0-8D11-00A0C91BC942}") = "Nasty_kyrsach", "Nasty_kyrsach\Nasty_kyrsach.vcxproj", "{DC79A0DF-447A-4D55-ACB9-43C11C636236}"
EndProject
Global
	GlobalSection(SolutionConfigurationPlatforms) = preSolution
		Debug|x64 = Debug|x64
		Debug|x86 = Debug|x86
		Release|x64 = Release|x64
		Release|x86 = Release|x86
	EndGlobalSection
	GlobalSection(ProjectConfigurationPlatforms) = postSolution
		{DC79A0DF-447A-4D55-ACB9-43C11C636236}.Debug|x64.ActiveCfg = Debug|x64
		{DC79A0DF-447A-4D55-ACB9-43C11C636236}.Debug|x64.Build.0 = Debug|x64
		{DC79A0DF-447A-4D55-ACB9-43C11C636236}.Debug|x86.ActiveCfg = Debug|Win32
		{DC79A0DF-447A-4D55-ACB9-43C11C636236}.Debug|x86.Build.0 = Debug|Win32
		{DC79A0DF-447A-4D55-ACB9-43C11C636236}.Release|x64.ActiveCfg = Release|x64
		{DC79A0DF-447A-4D55-ACB9-43C11C636236}.Release|x64.Build.0 = Release|x64
		{DC79A0DF-447A-4D55-ACB9-43C11C636236}.Release|x86.ActiveCfg = Release|Win32
		{DC79A0DF-447A-4D55-ACB9-43C11C636236}.Release|x86.Build.0 = Release|Win32
	EndGlobalSection
	GlobalSection(SolutionProperties) = preSolution
		HideSolutionNode = FALSE
	EndGlobalSection
	GlobalSection(ExtensibilityGlobals) = postSolution
		SolutionGuid = {08B7F6E3-D79E-478C-9BFF-93C5637BD630}
	EndGlobalSection
EndGlobal
